// !$*UTF8*$!
{
	archiveVersion = 1;
	classes = {
	};
	objectVersion = 50;
	objects = {

/* Begin PBXBuildFile section */
		5B3AC883C676AC9A9AB2ECB1 /* Pods_Examen_Ordinadiro_SSII_Parte2Tests.framework in Frameworks */ = {isa = PBXBuildFile; fileRef = 9EBF149194DF41AC7B8C05BF /* Pods_Examen_Ordinadiro_SSII_Parte2Tests.framework */; };
		92708A5D299E9071F6B07D6C /* Pods_Examen_Ordinadiro_SSII_Parte2.framework in Frameworks */ = {isa = PBXBuildFile; fileRef = F20196DA461DD0BD8A44156C /* Pods_Examen_Ordinadiro_SSII_Parte2.framework */; };
		9FF18B4EFBA7AE7C19DF0F66 /* Pods_Examen_Ordinadiro_SSII_Parte2UITests.framework in Frameworks */ = {isa = PBXBuildFile; fileRef = 4679F041621FB3CD4FD38CE2 /* Pods_Examen_Ordinadiro_SSII_Parte2UITests.framework */; };
		EF89434220D9034700E2CDE3 /* AppDelegate.swift in Sources */ = {isa = PBXBuildFile; fileRef = EF89434120D9034700E2CDE3 /* AppDelegate.swift */; };
		EF89434420D9034700E2CDE3 /* ViewController.swift in Sources */ = {isa = PBXBuildFile; fileRef = EF89434320D9034700E2CDE3 /* ViewController.swift */; };
		EF89434720D9034700E2CDE3 /* Main.storyboard in Resources */ = {isa = PBXBuildFile; fileRef = EF89434520D9034700E2CDE3 /* Main.storyboard */; };
		EF89434920D9034900E2CDE3 /* Assets.xcassets in Resources */ = {isa = PBXBuildFile; fileRef = EF89434820D9034900E2CDE3 /* Assets.xcassets */; };
		EF89434C20D9034900E2CDE3 /* LaunchScreen.storyboard in Resources */ = {isa = PBXBuildFile; fileRef = EF89434A20D9034900E2CDE3 /* LaunchScreen.storyboard */; };
		EF89435720D9034900E2CDE3 /* Examen_Ordinadiro_SSII_Parte2Tests.swift in Sources */ = {isa = PBXBuildFile; fileRef = EF89435620D9034900E2CDE3 /* Examen_Ordinadiro_SSII_Parte2Tests.swift */; };
		EF89436220D9034900E2CDE3 /* Examen_Ordinadiro_SSII_Parte2UITests.swift in Sources */ = {isa = PBXBuildFile; fileRef = EF89436120D9034900E2CDE3 /* Examen_Ordinadiro_SSII_Parte2UITests.swift */; };
		EF89437420D9117A00E2CDE3 /* VCRegistro.swift in Sources */ = {isa = PBXBuildFile; fileRef = EF89437320D9117A00E2CDE3 /* VCRegistro.swift */; };
		EF89437620D912A000E2CDE3 /* VCTabla.swift in Sources */ = {isa = PBXBuildFile; fileRef = EF89437520D912A000E2CDE3 /* VCTabla.swift */; };
		EF89437820D9199A00E2CDE3 /* TableViewCell.swift in Sources */ = {isa = PBXBuildFile; fileRef = EF89437720D9199A00E2CDE3 /* TableViewCell.swift */; };
		EF89437A20D91D7C00E2CDE3 /* VCCollection.swift in Sources */ = {isa = PBXBuildFile; fileRef = EF89437920D91D7C00E2CDE3 /* VCCollection.swift */; };
		EF89437C20D9217900E2CDE3 /* CollectionViewCell.swift in Sources */ = {isa = PBXBuildFile; fileRef = EF89437B20D9217900E2CDE3 /* CollectionViewCell.swift */; };
		EF89437E20D926E000E2CDE3 /* DataHolder.swift in Sources */ = {isa = PBXBuildFile; fileRef = EF89437D20D926E000E2CDE3 /* DataHolder.swift */; };
		EF89438020D92BF800E2CDE3 /* GoogleService-Info.plist in Resources */ = {isa = PBXBuildFile; fileRef = EF89437F20D92BF800E2CDE3 /* GoogleService-Info.plist */; };
		EF89438120D92BF800E2CDE3 /* GoogleService-Info.plist in Resources */ = {isa = PBXBuildFile; fileRef = EF89437F20D92BF800E2CDE3 /* GoogleService-Info.plist */; };
		EF89438220D92BF800E2CDE3 /* GoogleService-Info.plist in Resources */ = {isa = PBXBuildFile; fileRef = EF89437F20D92BF800E2CDE3 /* GoogleService-Info.plist */; };
/* End PBXBuildFile section */

/* Begin PBXContainerItemProxy section */
		EF89435320D9034900E2CDE3 /* PBXContainerItemProxy */ = {
			isa = PBXContainerItemProxy;
			containerPortal = EF89433620D9034600E2CDE3 /* Project object */;
			proxyType = 1;
			remoteGlobalIDString = EF89433D20D9034600E2CDE3;
			remoteInfo = "Examen Ordinadiro SSII Parte2";
		};
		EF89435E20D9034900E2CDE3 /* PBXContainerItemProxy */ = {
			isa = PBXContainerItemProxy;
			containerPortal = EF89433620D9034600E2CDE3 /* Project object */;
			proxyType = 1;
			remoteGlobalIDString = EF89433D20D9034600E2CDE3;
			remoteInfo = "Examen Ordinadiro SSII Parte2";
		};
/* End PBXContainerItemProxy section */

/* Begin PBXFileReference section */
		096E74C4B0BC92C38D8CD1E8 /* Pods-Examen Ordinadiro SSII Parte2.debug.xcconfig */ = {isa = PBXFileReference; includeInIndex = 1; lastKnownFileType = text.xcconfig; name = "Pods-Examen Ordinadiro SSII Parte2.debug.xcconfig"; path = "Pods/Target Support Files/Pods-Examen Ordinadiro SSII Parte2/Pods-Examen Ordinadiro SSII Parte2.debug.xcconfig"; sourceTree = "<group>"; };
		0AF948FB3B3A6C562833316D /* Pods-Examen Ordinadiro SSII Parte2.release.xcconfig */ = {isa = PBXFileReference; includeInIndex = 1; lastKnownFileType = text.xcconfig; name = "Pods-Examen Ordinadiro SSII Parte2.release.xcconfig"; path = "Pods/Target Support Files/Pods-Examen Ordinadiro SSII Parte2/Pods-Examen Ordinadiro SSII Parte2.release.xcconfig"; sourceTree = "<group>"; };
		4679F041621FB3CD4FD38CE2 /* Pods_Examen_Ordinadiro_SSII_Parte2UITests.framework */ = {isa = PBXFileReference; explicitFileType = wrapper.framework; includeInIndex = 0; path = Pods_Examen_Ordinadiro_SSII_Parte2UITests.framework; sourceTree = BUILT_PRODUCTS_DIR; };
		9EBF149194DF41AC7B8C05BF /* Pods_Examen_Ordinadiro_SSII_Parte2Tests.framework */ = {isa = PBXFileReference; explicitFileType = wrapper.framework; includeInIndex = 0; path = Pods_Examen_Ordinadiro_SSII_Parte2Tests.framework; sourceTree = BUILT_PRODUCTS_DIR; };
		B6605246A6F0378093DA2E5B /* Pods-Examen Ordinadiro SSII Parte2Tests.release.xcconfig */ = {isa = PBXFileReference; includeInIndex = 1; lastKnownFileType = text.xcconfig; name = "Pods-Examen Ordinadiro SSII Parte2Tests.release.xcconfig"; path = "Pods/Target Support Files/Pods-Examen Ordinadiro SSII Parte2Tests/Pods-Examen Ordinadiro SSII Parte2Tests.release.xcconfig"; sourceTree = "<group>"; };
		C030D4197CC96D3EFF9102EF /* Pods-Examen Ordinadiro SSII Parte2UITests.release.xcconfig */ = {isa = PBXFileReference; includeInIndex = 1; lastKnownFileType = text.xcconfig; name = "Pods-Examen Ordinadiro SSII Parte2UITests.release.xcconfig"; path = "Pods/Target Support Files/Pods-Examen Ordinadiro SSII Parte2UITests/Pods-Examen Ordinadiro SSII Parte2UITests.release.xcconfig"; sourceTree = "<group>"; };
		C33CDDE4FC192B7DE7407D33 /* Pods-Examen Ordinadiro SSII Parte2Tests.debug.xcconfig */ = {isa = PBXFileReference; includeInIndex = 1; lastKnownFileType = text.xcconfig; name = "Pods-Examen Ordinadiro SSII Parte2Tests.debug.xcconfig"; path = "Pods/Target Support Files/Pods-Examen Ordinadiro SSII Parte2Tests/Pods-Examen Ordinadiro SSII Parte2Tests.debug.xcconfig"; sourceTree = "<group>"; };
		D4A707C74C4FFA29A24504C4 /* Pods-Examen Ordinadiro SSII Parte2UITests.debug.xcconfig */ = {isa = PBXFileReference; includeInIndex = 1; lastKnownFileType = text.xcconfig; name = "Pods-Examen Ordinadiro SSII Parte2UITests.debug.xcconfig"; path = "Pods/Target Support Files/Pods-Examen Ordinadiro SSII Parte2UITests/Pods-Examen Ordinadiro SSII Parte2UITests.debug.xcconfig"; sourceTree = "<group>"; };
		EF89433E20D9034700E2CDE3 /* Examen Ordinadiro SSII Parte2.app */ = {isa = PBXFileReference; explicitFileType = wrapper.application; includeInIndex = 0; path = "Examen Ordinadiro SSII Parte2.app"; sourceTree = BUILT_PRODUCTS_DIR; };
		EF89434120D9034700E2CDE3 /* AppDelegate.swift */ = {isa = PBXFileReference; lastKnownFileType = sourcecode.swift; path = AppDelegate.swift; sourceTree = "<group>"; };
		EF89434320D9034700E2CDE3 /* ViewController.swift */ = {isa = PBXFileReference; lastKnownFileType = sourcecode.swift; path = ViewController.swift; sourceTree = "<group>"; };
		EF89434620D9034700E2CDE3 /* Base */ = {isa = PBXFileReference; lastKnownFileType = file.storyboard; name = Base; path = Base.lproj/Main.storyboard; sourceTree = "<group>"; };
		EF89434820D9034900E2CDE3 /* Assets.xcassets */ = {isa = PBXFileReference; lastKnownFileType = folder.assetcatalog; path = Assets.xcassets; sourceTree = "<group>"; };
		EF89434B20D9034900E2CDE3 /* Base */ = {isa = PBXFileReference; lastKnownFileType = file.storyboard; name = Base; path = Base.lproj/LaunchScreen.storyboard; sourceTree = "<group>"; };
		EF89434D20D9034900E2CDE3 /* Info.plist */ = {isa = PBXFileReference; lastKnownFileType = text.plist.xml; path = Info.plist; sourceTree = "<group>"; };
		EF89435220D9034900E2CDE3 /* Examen Ordinadiro SSII Parte2Tests.xctest */ = {isa = PBXFileReference; explicitFileType = wrapper.cfbundle; includeInIndex = 0; path = "Examen Ordinadiro SSII Parte2Tests.xctest"; sourceTree = BUILT_PRODUCTS_DIR; };
		EF89435620D9034900E2CDE3 /* Examen_Ordinadiro_SSII_Parte2Tests.swift */ = {isa = PBXFileReference; lastKnownFileType = sourcecode.swift; path = Examen_Ordinadiro_SSII_Parte2Tests.swift; sourceTree = "<group>"; };
		EF89435820D9034900E2CDE3 /* Info.plist */ = {isa = PBXFileReference; lastKnownFileType = text.plist.xml; path = Info.plist; sourceTree = "<group>"; };
		EF89435D20D9034900E2CDE3 /* Examen Ordinadiro SSII Parte2UITests.xctest */ = {isa = PBXFileReference; explicitFileType = wrapper.cfbundle; includeInIndex = 0; path = "Examen Ordinadiro SSII Parte2UITests.xctest"; sourceTree = BUILT_PRODUCTS_DIR; };
		EF89436120D9034900E2CDE3 /* Examen_Ordinadiro_SSII_Parte2UITests.swift */ = {isa = PBXFileReference; lastKnownFileType = sourcecode.swift; path = Examen_Ordinadiro_SSII_Parte2UITests.swift; sourceTree = "<group>"; };
		EF89436320D9034900E2CDE3 /* Info.plist */ = {isa = PBXFileReference; lastKnownFileType = text.plist.xml; path = Info.plist; sourceTree = "<group>"; };
		EF89437320D9117A00E2CDE3 /* VCRegistro.swift */ = {isa = PBXFileReference; lastKnownFileType = sourcecode.swift; path = VCRegistro.swift; sourceTree = "<group>"; };
		EF89437520D912A000E2CDE3 /* VCTabla.swift */ = {isa = PBXFileReference; lastKnownFileType = sourcecode.swift; path = VCTabla.swift; sourceTree = "<group>"; };
		EF89437720D9199A00E2CDE3 /* TableViewCell.swift */ = {isa = PBXFileReference; lastKnownFileType = sourcecode.swift; path = TableViewCell.swift; sourceTree = "<group>"; };
		EF89437920D91D7C00E2CDE3 /* VCCollection.swift */ = {isa = PBXFileReference; lastKnownFileType = sourcecode.swift; path = VCCollection.swift; sourceTree = "<group>"; };
		EF89437B20D9217900E2CDE3 /* CollectionViewCell.swift */ = {isa = PBXFileReference; lastKnownFileType = sourcecode.swift; path = CollectionViewCell.swift; sourceTree = "<group>"; };
		EF89437D20D926E000E2CDE3 /* DataHolder.swift */ = {isa = PBXFileReference; lastKnownFileType = sourcecode.swift; path = DataHolder.swift; sourceTree = "<group>"; };
		EF89437F20D92BF800E2CDE3 /* GoogleService-Info.plist */ = {isa = PBXFileReference; fileEncoding = 4; lastKnownFileType = text.plist.xml; name = "GoogleService-Info.plist"; path = "../../../Downloads/GoogleService-Info.plist"; sourceTree = "<group>"; };
		F20196DA461DD0BD8A44156C /* Pods_Examen_Ordinadiro_SSII_Parte2.framework */ = {isa = PBXFileReference; explicitFileType = wrapper.framework; includeInIndex = 0; path = Pods_Examen_Ordinadiro_SSII_Parte2.framework; sourceTree = BUILT_PRODUCTS_DIR; };
/* End PBXFileReference section */

/* Begin PBXFrameworksBuildPhase section */
		EF89433B20D9034600E2CDE3 /* Frameworks */ = {
			isa = PBXFrameworksBuildPhase;
			buildActionMask = 2147483647;
			files = (
				92708A5D299E9071F6B07D6C /* Pods_Examen_Ordinadiro_SSII_Parte2.framework in Frameworks */,
			);
			runOnlyForDeploymentPostprocessing = 0;
		};
		EF89434F20D9034900E2CDE3 /* Frameworks */ = {
			isa = PBXFrameworksBuildPhase;
			buildActionMask = 2147483647;
			files = (
				5B3AC883C676AC9A9AB2ECB1 /* Pods_Examen_Ordinadiro_SSII_Parte2Tests.framework in Frameworks */,
			);
			runOnlyForDeploymentPostprocessing = 0;
		};
		EF89435A20D9034900E2CDE3 /* Frameworks */ = {
			isa = PBXFrameworksBuildPhase;
			buildActionMask = 2147483647;
			files = (
				9FF18B4EFBA7AE7C19DF0F66 /* Pods_Examen_Ordinadiro_SSII_Parte2UITests.framework in Frameworks */,
			);
			runOnlyForDeploymentPostprocessing = 0;
		};
/* End PBXFrameworksBuildPhase section */

/* Begin PBXGroup section */
		42649CC8099A719DE7CADAFD /* Pods */ = {
			isa = PBXGroup;
			children = (
				096E74C4B0BC92C38D8CD1E8 /* Pods-Examen Ordinadiro SSII Parte2.debug.xcconfig */,
				0AF948FB3B3A6C562833316D /* Pods-Examen Ordinadiro SSII Parte2.release.xcconfig */,
				C33CDDE4FC192B7DE7407D33 /* Pods-Examen Ordinadiro SSII Parte2Tests.debug.xcconfig */,
				B6605246A6F0378093DA2E5B /* Pods-Examen Ordinadiro SSII Parte2Tests.release.xcconfig */,
				D4A707C74C4FFA29A24504C4 /* Pods-Examen Ordinadiro SSII Parte2UITests.debug.xcconfig */,
				C030D4197CC96D3EFF9102EF /* Pods-Examen Ordinadiro SSII Parte2UITests.release.xcconfig */,
			);
			name = Pods;
			sourceTree = "<group>";
		};
		91A75E88CD87117167D8AD47 /* Frameworks */ = {
			isa = PBXGroup;
			children = (
				F20196DA461DD0BD8A44156C /* Pods_Examen_Ordinadiro_SSII_Parte2.framework */,
				9EBF149194DF41AC7B8C05BF /* Pods_Examen_Ordinadiro_SSII_Parte2Tests.framework */,
				4679F041621FB3CD4FD38CE2 /* Pods_Examen_Ordinadiro_SSII_Parte2UITests.framework */,
			);
			name = Frameworks;
			sourceTree = "<group>";
		};
		EF89433520D9034600E2CDE3 = {
			isa = PBXGroup;
			children = (
				EF89434020D9034700E2CDE3 /* Examen Ordinadiro SSII Parte2 */,
				EF89435520D9034900E2CDE3 /* Examen Ordinadiro SSII Parte2Tests */,
				EF89436020D9034900E2CDE3 /* Examen Ordinadiro SSII Parte2UITests */,
				EF89433F20D9034700E2CDE3 /* Products */,
				42649CC8099A719DE7CADAFD /* Pods */,
				91A75E88CD87117167D8AD47 /* Frameworks */,
			);
			sourceTree = "<group>";
		};
		EF89433F20D9034700E2CDE3 /* Products */ = {
			isa = PBXGroup;
			children = (
				EF89433E20D9034700E2CDE3 /* Examen Ordinadiro SSII Parte2.app */,
				EF89435220D9034900E2CDE3 /* Examen Ordinadiro SSII Parte2Tests.xctest */,
				EF89435D20D9034900E2CDE3 /* Examen Ordinadiro SSII Parte2UITests.xctest */,
			);
			name = Products;
			sourceTree = "<group>";
		};
		EF89434020D9034700E2CDE3 /* Examen Ordinadiro SSII Parte2 */ = {
			isa = PBXGroup;
			children = (
				EF89434120D9034700E2CDE3 /* AppDelegate.swift */,
				EF89434320D9034700E2CDE3 /* ViewController.swift */,
				EF89434520D9034700E2CDE3 /* Main.storyboard */,
				EF89434820D9034900E2CDE3 /* Assets.xcassets */,
				EF89434A20D9034900E2CDE3 /* LaunchScreen.storyboard */,
				EF89434D20D9034900E2CDE3 /* Info.plist */,
				EF89437F20D92BF800E2CDE3 /* GoogleService-Info.plist */,
				EF89437320D9117A00E2CDE3 /* VCRegistro.swift */,
				EF89437520D912A000E2CDE3 /* VCTabla.swift */,
				EF89437720D9199A00E2CDE3 /* TableViewCell.swift */,
				EF89437920D91D7C00E2CDE3 /* VCCollection.swift */,
				EF89437B20D9217900E2CDE3 /* CollectionViewCell.swift */,
				EF89437D20D926E000E2CDE3 /* DataHolder.swift */,
			);
			path = "Examen Ordinadiro SSII Parte2";
			sourceTree = "<group>";
		};
		EF89435520D9034900E2CDE3 /* Examen Ordinadiro SSII Parte2Tests */ = {
			isa = PBXGroup;
			children = (
				EF89435620D9034900E2CDE3 /* Examen_Ordinadiro_SSII_Parte2Tests.swift */,
				EF89435820D9034900E2CDE3 /* Info.plist */,
			);
			path = "Examen Ordinadiro SSII Parte2Tests";
			sourceTree = "<group>";
		};
		EF89436020D9034900E2CDE3 /* Examen Ordinadiro SSII Parte2UITests */ = {
			isa = PBXGroup;
			children = (
				EF89436120D9034900E2CDE3 /* Examen_Ordinadiro_SSII_Parte2UITests.swift */,
				EF89436320D9034900E2CDE3 /* Info.plist */,
			);
			path = "Examen Ordinadiro SSII Parte2UITests";
			sourceTree = "<group>";
		};
/* End PBXGroup section */

/* Begin PBXNativeTarget section */
		EF89433D20D9034600E2CDE3 /* Examen Ordinadiro SSII Parte2 */ = {
			isa = PBXNativeTarget;
			buildConfigurationList = EF89436620D9034900E2CDE3 /* Build configuration list for PBXNativeTarget "Examen Ordinadiro SSII Parte2" */;
			buildPhases = (
				61A9ADE673F7361B60EA2A5A /* [CP] Check Pods Manifest.lock */,
				EF89433A20D9034600E2CDE3 /* Sources */,
				EF89433B20D9034600E2CDE3 /* Frameworks */,
				EF89433C20D9034600E2CDE3 /* Resources */,
				C1041F1336C5F7D6ED600F8A /* [CP] Embed Pods Frameworks */,
				860A964CF5A7206414E270C2 /* [CP] Copy Pods Resources */,
			);
			buildRules = (
			);
			dependencies = (
			);
			name = "Examen Ordinadiro SSII Parte2";
			productName = "Examen Ordinadiro SSII Parte2";
			productReference = EF89433E20D9034700E2CDE3 /* Examen Ordinadiro SSII Parte2.app */;
			productType = "com.apple.product-type.application";
		};
		EF89435120D9034900E2CDE3 /* Examen Ordinadiro SSII Parte2Tests */ = {
			isa = PBXNativeTarget;
			buildConfigurationList = EF89436920D9034900E2CDE3 /* Build configuration list for PBXNativeTarget "Examen Ordinadiro SSII Parte2Tests" */;
			buildPhases = (
				E4CD72CCAF691C386AD87251 /* [CP] Check Pods Manifest.lock */,
				EF89434E20D9034900E2CDE3 /* Sources */,
				EF89434F20D9034900E2CDE3 /* Frameworks */,
				EF89435020D9034900E2CDE3 /* Resources */,
				16435BE0D73DBE83B24F4DF7 /* [CP] Embed Pods Frameworks */,
				30144448E25D9C17D47CEF73 /* [CP] Copy Pods Resources */,
			);
			buildRules = (
			);
			dependencies = (
				EF89435420D9034900E2CDE3 /* PBXTargetDependency */,
			);
			name = "Examen Ordinadiro SSII Parte2Tests";
			productName = "Examen Ordinadiro SSII Parte2Tests";
			productReference = EF89435220D9034900E2CDE3 /* Examen Ordinadiro SSII Parte2Tests.xctest */;
			productType = "com.apple.product-type.bundle.unit-test";
		};
		EF89435C20D9034900E2CDE3 /* Examen Ordinadiro SSII Parte2UITests */ = {
			isa = PBXNativeTarget;
			buildConfigurationList = EF89436C20D9034900E2CDE3 /* Build configuration list for PBXNativeTarget "Examen Ordinadiro SSII Parte2UITests" */;
			buildPhases = (
				2EE4423977AC8619DDE5A450 /* [CP] Check Pods Manifest.lock */,
				EF89435920D9034900E2CDE3 /* Sources */,
				EF89435A20D9034900E2CDE3 /* Frameworks */,
				EF89435B20D9034900E2CDE3 /* Resources */,
				E85B2630E82E3F0E5890EB43 /* [CP] Embed Pods Frameworks */,
				8EC2B559A400C718C8135633 /* [CP] Copy Pods Resources */,
			);
			buildRules = (
			);
			dependencies = (
				EF89435F20D9034900E2CDE3 /* PBXTargetDependency */,
			);
			name = "Examen Ordinadiro SSII Parte2UITests";
			productName = "Examen Ordinadiro SSII Parte2UITests";
			productReference = EF89435D20D9034900E2CDE3 /* Examen Ordinadiro SSII Parte2UITests.xctest */;
			productType = "com.apple.product-type.bundle.ui-testing";
		};
/* End PBXNativeTarget section */

/* Begin PBXProject section */
		EF89433620D9034600E2CDE3 /* Project object */ = {
			isa = PBXProject;
			attributes = {
				LastSwiftUpdateCheck = 0930;
				LastUpgradeCheck = 0930;
				ORGANIZATIONNAME = "OLIVIA SARTORIUS FRESCHET";
				TargetAttributes = {
					EF89433D20D9034600E2CDE3 = {
						CreatedOnToolsVersion = 9.3;
					};
					EF89435120D9034900E2CDE3 = {
						CreatedOnToolsVersion = 9.3;
						TestTargetID = EF89433D20D9034600E2CDE3;
					};
					EF89435C20D9034900E2CDE3 = {
						CreatedOnToolsVersion = 9.3;
						TestTargetID = EF89433D20D9034600E2CDE3;
					};
				};
			};
			buildConfigurationList = EF89433920D9034600E2CDE3 /* Build configuration list for PBXProject "Examen Ordinadiro SSII Parte2" */;
			compatibilityVersion = "Xcode 9.3";
			developmentRegion = en;
			hasScannedForEncodings = 0;
			knownRegions = (
				en,
				Base,
			);
			mainGroup = EF89433520D9034600E2CDE3;
			productRefGroup = EF89433F20D9034700E2CDE3 /* Products */;
			projectDirPath = "";
			projectRoot = "";
			targets = (
				EF89433D20D9034600E2CDE3 /* Examen Ordinadiro SSII Parte2 */,
				EF89435120D9034900E2CDE3 /* Examen Ordinadiro SSII Parte2Tests */,
				EF89435C20D9034900E2CDE3 /* Examen Ordinadiro SSII Parte2UITests */,
			);
		};
/* End PBXProject section */

/* Begin PBXResourcesBuildPhase section */
		EF89433C20D9034600E2CDE3 /* Resources */ = {
			isa = PBXResourcesBuildPhase;
			buildActionMask = 2147483647;
			files = (
				EF89434C20D9034900E2CDE3 /* LaunchScreen.storyboard in Resources */,
				EF89438020D92BF800E2CDE3 /* GoogleService-Info.plist in Resources */,
				EF89434920D9034900E2CDE3 /* Assets.xcassets in Resources */,
				EF89434720D9034700E2CDE3 /* Main.storyboard in Resources */,
			);
			runOnlyForDeploymentPostprocessing = 0;
		};
		EF89435020D9034900E2CDE3 /* Resources */ = {
			isa = PBXResourcesBuildPhase;
			buildActionMask = 2147483647;
			files = (
				EF89438120D92BF800E2CDE3 /* GoogleService-Info.plist in Resources */,
			);
			runOnlyForDeploymentPostprocessing = 0;
		};
		EF89435B20D9034900E2CDE3 /* Resources */ = {
			isa = PBXResourcesBuildPhase;
			buildActionMask = 2147483647;
			files = (
				EF89438220D92BF800E2CDE3 /* GoogleService-Info.plist in Resources */,
			);
			runOnlyForDeploymentPostprocessing = 0;
		};
/* End PBXResourcesBuildPhase section */

/* Begin PBXShellScriptBuildPhase section */
		16435BE0D73DBE83B24F4DF7 /* [CP] Embed Pods Frameworks */ = {
			isa = PBXShellScriptBuildPhase;
			buildActionMask = 2147483647;
			files = (
			);
			inputPaths = (
			);
			name = "[CP] Embed Pods Frameworks";
			outputPaths = (
			);
			runOnlyForDeploymentPostprocessing = 0;
			shellPath = /bin/sh;
			shellScript = "\"${SRCROOT}/Pods/Target Support Files/Pods-Examen Ordinadiro SSII Parte2Tests/Pods-Examen Ordinadiro SSII Parte2Tests-frameworks.sh\"\n";
			showEnvVarsInLog = 0;
		};
		2EE4423977AC8619DDE5A450 /* [CP] Check Pods Manifest.lock */ = {
			isa = PBXShellScriptBuildPhase;
			buildActionMask = 2147483647;
			files = (
			);
			inputPaths = (
				"${PODS_PODFILE_DIR_PATH}/Podfile.lock",
				"${PODS_ROOT}/Manifest.lock",
			);
			name = "[CP] Check Pods Manifest.lock";
			outputPaths = (
				"$(DERIVED_FILE_DIR)/Pods-Examen Ordinadiro SSII Parte2UITests-checkManifestLockResult.txt",
			);
			runOnlyForDeploymentPostprocessing = 0;
			shellPath = /bin/sh;
			shellScript = "diff \"${PODS_PODFILE_DIR_PATH}/Podfile.lock\" \"${PODS_ROOT}/Manifest.lock\" > /dev/null\nif [ $? != 0 ] ; then\n    # print error to STDERR\n    echo \"error: The sandbox is not in sync with the Podfile.lock. Run 'pod install' or update your CocoaPods installation.\" >&2\n    exit 1\nfi\n# This output is used by Xcode 'outputs' to avoid re-running this script phase.\necho \"SUCCESS\" > \"${SCRIPT_OUTPUT_FILE_0}\"\n";
			showEnvVarsInLog = 0;
		};
		30144448E25D9C17D47CEF73 /* [CP] Copy Pods Resources */ = {
			isa = PBXShellScriptBuildPhase;
			buildActionMask = 2147483647;
			files = (
			);
			inputPaths = (
			);
			name = "[CP] Copy Pods Resources";
			outputPaths = (
			);
			runOnlyForDeploymentPostprocessing = 0;
			shellPath = /bin/sh;
			shellScript = "\"${SRCROOT}/Pods/Target Support Files/Pods-Examen Ordinadiro SSII Parte2Tests/Pods-Examen Ordinadiro SSII Parte2Tests-resources.sh\"\n";
			showEnvVarsInLog = 0;
		};
		61A9ADE673F7361B60EA2A5A /* [CP] Check Pods Manifest.lock */ = {
			isa = PBXShellScriptBuildPhase;
			buildActionMask = 2147483647;
			files = (
			);
			inputPaths = (
				"${PODS_PODFILE_DIR_PATH}/Podfile.lock",
				"${PODS_ROOT}/Manifest.lock",
			);
			name = "[CP] Check Pods Manifest.lock";
			outputPaths = (
				"$(DERIVED_FILE_DIR)/Pods-Examen Ordinadiro SSII Parte2-checkManifestLockResult.txt",
			);
			runOnlyForDeploymentPostprocessing = 0;
			shellPath = /bin/sh;
			shellScript = "diff \"${PODS_PODFILE_DIR_PATH}/Podfile.lock\" \"${PODS_ROOT}/Manifest.lock\" > /dev/null\nif [ $? != 0 ] ; then\n    # print error to STDERR\n    echo \"error: The sandbox is not in sync with the Podfile.lock. Run 'pod install' or update your CocoaPods installation.\" >&2\n    exit 1\nfi\n# This output is used by Xcode 'outputs' to avoid re-running this script phase.\necho \"SUCCESS\" > \"${SCRIPT_OUTPUT_FILE_0}\"\n";
			showEnvVarsInLog = 0;
		};
		860A964CF5A7206414E270C2 /* [CP] Copy Pods Resources */ = {
			isa = PBXShellScriptBuildPhase;
			buildActionMask = 2147483647;
			files = (
			);
			inputPaths = (
			);
			name = "[CP] Copy Pods Resources";
			outputPaths = (
			);
			runOnlyForDeploymentPostprocessing = 0;
			shellPath = /bin/sh;
			shellScript = "\"${SRCROOT}/Pods/Target Support Files/Pods-Examen Ordinadiro SSII Parte2/Pods-Examen Ordinadiro SSII Parte2-resources.sh\"\n";
			showEnvVarsInLog = 0;
		};
		8EC2B559A400C718C8135633 /* [CP] Copy Pods Resources */ = {
			isa = PBXShellScriptBuildPhase;
			buildActionMask = 2147483647;
			files = (
			);
			inputPaths = (
			);
			name = "[CP] Copy Pods Resources";
			outputPaths = (
			);
			runOnlyForDeploymentPostprocessing = 0;
			shellPath = /bin/sh;
			shellScript = "\"${SRCROOT}/Pods/Target Support Files/Pods-Examen Ordinadiro SSII Parte2UITests/Pods-Examen Ordinadiro SSII Parte2UITests-resources.sh\"\n";
			showEnvVarsInLog = 0;
		};
		C1041F1336C5F7D6ED600F8A /* [CP] Embed Pods Frameworks */ = {
			isa = PBXShellScriptBuildPhase;
			buildActionMask = 2147483647;
			files = (
			);
			inputPaths = (
				"${SRCROOT}/Pods/Target Support Files/Pods-Examen Ordinadiro SSII Parte2/Pods-Examen Ordinadiro SSII Parte2-frameworks.sh",
				"${BUILT_PRODUCTS_DIR}/GoogleToolboxForMac/GoogleToolboxForMac.framework",
				"${BUILT_PRODUCTS_DIR}/nanopb/nanopb.framework",
			);
			name = "[CP] Embed Pods Frameworks";
			outputPaths = (
				"${TARGET_BUILD_DIR}/${FRAMEWORKS_FOLDER_PATH}/GoogleToolboxForMac.framework",
				"${TARGET_BUILD_DIR}/${FRAMEWORKS_FOLDER_PATH}/nanopb.framework",
			);
			runOnlyForDeploymentPostprocessing = 0;
			shellPath = /bin/sh;
			shellScript = "\"${SRCROOT}/Pods/Target Support Files/Pods-Examen Ordinadiro SSII Parte2/Pods-Examen Ordinadiro SSII Parte2-frameworks.sh\"\n";
			showEnvVarsInLog = 0;
		};
		E4CD72CCAF691C386AD87251 /* [CP] Check Pods Manifest.lock */ = {
			isa = PBXShellScriptBuildPhase;
			buildActionMask = 2147483647;
			files = (
			);
			inputPaths = (
				"${PODS_PODFILE_DIR_PATH}/Podfile.lock",
				"${PODS_ROOT}/Manifest.lock",
			);
			name = "[CP] Check Pods Manifest.lock";
			outputPaths = (
				"$(DERIVED_FILE_DIR)/Pods-Examen Ordinadiro SSII Parte2Tests-checkManifestLockResult.txt",
			);
			runOnlyForDeploymentPostprocessing = 0;
			shellPath = /bin/sh;
			shellScript = "diff \"${PODS_PODFILE_DIR_PATH}/Podfile.lock\" \"${PODS_ROOT}/Manifest.lock\" > /dev/null\nif [ $? != 0 ] ; then\n    # print error to STDERR\n    echo \"error: The sandbox is not in sync with the Podfile.lock. Run 'pod install' or update your CocoaPods installation.\" >&2\n    exit 1\nfi\n# This output is used by Xcode 'outputs' to avoid re-running this script phase.\necho \"SUCCESS\" > \"${SCRIPT_OUTPUT_FILE_0}\"\n";
			showEnvVarsInLog = 0;
		};
		E85B2630E82E3F0E5890EB43 /* [CP] Embed Pods Frameworks */ = {
			isa = PBXShellScriptBuildPhase;
			buildActionMask = 2147483647;
			files = (
			);
			inputPaths = (
			);
			name = "[CP] Embed Pods Frameworks";
			outputPaths = (
			);
			runOnlyForDeploymentPostprocessing = 0;
			shellPath = /bin/sh;
			shellScript = "\"${SRCROOT}/Pods/Target Support Files/Pods-Examen Ordinadiro SSII Parte2UITests/Pods-Examen Ordinadiro SSII Parte2UITests-frameworks.sh\"\n";
			showEnvVarsInLog = 0;
		};
/* End PBXShellScriptBuildPhase section */

/* Begin PBXSourcesBuildPhase section */
		EF89433A20D9034600E2CDE3 /* Sources */ = {
			isa = PBXSourcesBuildPhase;
			buildActionMask = 2147483647;
			files = (
				EF89437820D9199A00E2CDE3 /* TableViewCell.swift in Sources */,
				EF89434420D9034700E2CDE3 /* ViewController.swift in Sources */,
				EF89437A20D91D7C00E2CDE3 /* VCCollection.swift in Sources */,
				EF89437E20D926E000E2CDE3 /* DataHolder.swift in Sources */,
				EF89437C20D9217900E2CDE3 /* CollectionViewCell.swift in Sources */,
				EF89437620D912A000E2CDE3 /* VCTabla.swift in Sources */,
				EF89434220D9034700E2CDE3 /* AppDelegate.swift in Sources */,
				EF89437420D9117A00E2CDE3 /* VCRegistro.swift in Sources */,
			);
			runOnlyForDeploymentPostprocessing = 0;
		};
		EF89434E20D9034900E2CDE3 /* Sources */ = {
			isa = PBXSourcesBuildPhase;
			buildActionMask = 2147483647;
			files = (
				EF89435720D9034900E2CDE3 /* Examen_Ordinadiro_SSII_Parte2Tests.swift in Sources */,
			);
			runOnlyForDeploymentPostprocessing = 0;
		};
		EF89435920D9034900E2CDE3 /* Sources */ = {
			isa = PBXSourcesBuildPhase;
			buildActionMask = 2147483647;
			files = (
				EF89436220D9034900E2CDE3 /* Examen_Ordinadiro_SSII_Parte2UITests.swift in Sources */,
			);
			runOnlyForDeploymentPostprocessing = 0;
		};
/* End PBXSourcesBuildPhase section */

/* Begin PBXTargetDependency section */
		EF89435420D9034900E2CDE3 /* PBXTargetDependency */ = {
			isa = PBXTargetDependency;
			target = EF89433D20D9034600E2CDE3 /* Examen Ordinadiro SSII Parte2 */;
			targetProxy = EF89435320D9034900E2CDE3 /* PBXContainerItemProxy */;
		};
		EF89435F20D9034900E2CDE3 /* PBXTargetDependency */ = {
			isa = PBXTargetDependency;
			target = EF89433D20D9034600E2CDE3 /* Examen Ordinadiro SSII Parte2 */;
			targetProxy = EF89435E20D9034900E2CDE3 /* PBXContainerItemProxy */;
		};
/* End PBXTargetDependency section */

/* Begin PBXVariantGroup section */
		EF89434520D9034700E2CDE3 /* Main.storyboard */ = {
			isa = PBXVariantGroup;
			children = (
				EF89434620D9034700E2CDE3 /* Base */,
			);
			name = Main.storyboard;
			sourceTree = "<group>";
		};
		EF89434A20D9034900E2CDE3 /* LaunchScreen.storyboard */ = {
			isa = PBXVariantGroup;
			children = (
				EF89434B20D9034900E2CDE3 /* Base */,
			);
			name = LaunchScreen.storyboard;
			sourceTree = "<group>";
		};
/* End PBXVariantGroup section */

/* Begin XCBuildConfiguration section */
		EF89436420D9034900E2CDE3 /* Debug */ = {
			isa = XCBuildConfiguration;
			buildSettings = {
				ALWAYS_SEARCH_USER_PATHS = NO;
				CLANG_ANALYZER_NONNULL = YES;
				CLANG_ANALYZER_NUMBER_OBJECT_CONVERSION = YES_AGGRESSIVE;
				CLANG_CXX_LANGUAGE_STANDARD = "gnu++14";
				CLANG_CXX_LIBRARY = "libc++";
				CLANG_ENABLE_MODULES = YES;
				CLANG_ENABLE_OBJC_ARC = YES;
				CLANG_ENABLE_OBJC_WEAK = YES;
				CLANG_WARN_BLOCK_CAPTURE_AUTORELEASING = YES;
				CLANG_WARN_BOOL_CONVERSION = YES;
				CLANG_WARN_COMMA = YES;
				CLANG_WARN_CONSTANT_CONVERSION = YES;
				CLANG_WARN_DEPRECATED_OBJC_IMPLEMENTATIONS = YES;
				CLANG_WARN_DIRECT_OBJC_ISA_USAGE = YES_ERROR;
				CLANG_WARN_DOCUMENTATION_COMMENTS = YES;
				CLANG_WARN_EMPTY_BODY = YES;
				CLANG_WARN_ENUM_CONVERSION = YES;
				CLANG_WARN_INFINITE_RECURSION = YES;
				CLANG_WARN_INT_CONVERSION = YES;
				CLANG_WARN_NON_LITERAL_NULL_CONVERSION = YES;
				CLANG_WARN_OBJC_IMPLICIT_RETAIN_SELF = YES;
				CLANG_WARN_OBJC_LITERAL_CONVERSION = YES;
				CLANG_WARN_OBJC_ROOT_CLASS = YES_ERROR;
				CLANG_WARN_RANGE_LOOP_ANALYSIS = YES;
				CLANG_WARN_STRICT_PROTOTYPES = YES;
				CLANG_WARN_SUSPICIOUS_MOVE = YES;
				CLANG_WARN_UNGUARDED_AVAILABILITY = YES_AGGRESSIVE;
				CLANG_WARN_UNREACHABLE_CODE = YES;
				CLANG_WARN__DUPLICATE_METHOD_MATCH = YES;
				CODE_SIGN_IDENTITY = "iPhone Developer";
				COPY_PHASE_STRIP = NO;
				DEBUG_INFORMATION_FORMAT = dwarf;
				ENABLE_STRICT_OBJC_MSGSEND = YES;
				ENABLE_TESTABILITY = YES;
				GCC_C_LANGUAGE_STANDARD = gnu11;
				GCC_DYNAMIC_NO_PIC = NO;
				GCC_NO_COMMON_BLOCKS = YES;
				GCC_OPTIMIZATION_LEVEL = 0;
				GCC_PREPROCESSOR_DEFINITIONS = (
					"DEBUG=1",
					"$(inherited)",
				);
				GCC_WARN_64_TO_32_BIT_CONVERSION = YES;
				GCC_WARN_ABOUT_RETURN_TYPE = YES_ERROR;
				GCC_WARN_UNDECLARED_SELECTOR = YES;
				GCC_WARN_UNINITIALIZED_AUTOS = YES_AGGRESSIVE;
				GCC_WARN_UNUSED_FUNCTION = YES;
				GCC_WARN_UNUSED_VARIABLE = YES;
				IPHONEOS_DEPLOYMENT_TARGET = 11.3;
				MTL_ENABLE_DEBUG_INFO = YES;
				ONLY_ACTIVE_ARCH = YES;
				SDKROOT = iphoneos;
				SWIFT_ACTIVE_COMPILATION_CONDITIONS = DEBUG;
				SWIFT_OPTIMIZATION_LEVEL = "-Onone";
			};
			name = Debug;
		};
		EF89436520D9034900E2CDE3 /* Release */ = {
			isa = XCBuildConfiguration;
			buildSettings = {
				ALWAYS_SEARCH_USER_PATHS = NO;
				CLANG_ANALYZER_NONNULL = YES;
				CLANG_ANALYZER_NUMBER_OBJECT_CONVERSION = YES_AGGRESSIVE;
				CLANG_CXX_LANGUAGE_STANDARD = "gnu++14";
				CLANG_CXX_LIBRARY = "libc++";
				CLANG_ENABLE_MODULES = YES;
				CLANG_ENABLE_OBJC_ARC = YES;
				CLANG_ENABLE_OBJC_WEAK = YES;
				CLANG_WARN_BLOCK_CAPTURE_AUTORELEASING = YES;
				CLANG_WARN_BOOL_CONVERSION = YES;
				CLANG_WARN_COMMA = YES;
				CLANG_WARN_CONSTANT_CONVERSION = YES;
				CLANG_WARN_DEPRECATED_OBJC_IMPLEMENTATIONS = YES;
				CLANG_WARN_DIRECT_OBJC_ISA_USAGE = YES_ERROR;
				CLANG_WARN_DOCUMENTATION_COMMENTS = YES;
				CLANG_WARN_EMPTY_BODY = YES;
				CLANG_WARN_ENUM_CONVERSION = YES;
				CLANG_WARN_INFINITE_RECURSION = YES;
				CLANG_WARN_INT_CONVERSION = YES;
				CLANG_WARN_NON_LITERAL_NULL_CONVERSION = YES;
				CLANG_WARN_OBJC_IMPLICIT_RETAIN_SELF = YES;
				CLANG_WARN_OBJC_LITERAL_CONVERSION = YES;
				CLANG_WARN_OBJC_ROOT_CLASS = YES_ERROR;
				CLANG_WARN_RANGE_LOOP_ANALYSIS = YES;
				CLANG_WARN_STRICT_PROTOTYPES = YES;
				CLANG_WARN_SUSPICIOUS_MOVE = YES;
				CLANG_WARN_UNGUARDED_AVAILABILITY = YES_AGGRESSIVE;
				CLANG_WARN_UNREACHABLE_CODE = YES;
				CLANG_WARN__DUPLICATE_METHOD_MATCH = YES;
				CODE_SIGN_IDENTITY = "iPhone Developer";
				COPY_PHASE_STRIP = NO;
				DEBUG_INFORMATION_FORMAT = "dwarf-with-dsym";
				ENABLE_NS_ASSERTIONS = NO;
				ENABLE_STRICT_OBJC_MSGSEND = YES;
				GCC_C_LANGUAGE_STANDARD = gnu11;
				GCC_NO_COMMON_BLOCKS = YES;
				GCC_WARN_64_TO_32_BIT_CONVERSION = YES;
				GCC_WARN_ABOUT_RETURN_TYPE = YES_ERROR;
				GCC_WARN_UNDECLARED_SELECTOR = YES;
				GCC_WARN_UNINITIALIZED_AUTOS = YES_AGGRESSIVE;
				GCC_WARN_UNUSED_FUNCTION = YES;
				GCC_WARN_UNUSED_VARIABLE = YES;
				IPHONEOS_DEPLOYMENT_TARGET = 11.3;
				MTL_ENABLE_DEBUG_INFO = NO;
				SDKROOT = iphoneos;
				SWIFT_COMPILATION_MODE = wholemodule;
				SWIFT_OPTIMIZATION_LEVEL = "-O";
				VALIDATE_PRODUCT = YES;
			};
			name = Release;
		};
		EF89436720D9034900E2CDE3 /* Debug */ = {
			isa = XCBuildConfiguration;
			baseConfigurationReference = 096E74C4B0BC92C38D8CD1E8 /* Pods-Examen Ordinadiro SSII Parte2.debug.xcconfig */;
			buildSettings = {
				ASSETCATALOG_COMPILER_APPICON_NAME = AppIcon;
				CODE_SIGN_STYLE = Automatic;
				INFOPLIST_FILE = "Examen Ordinadiro SSII Parte2/Info.plist";
				LD_RUNPATH_SEARCH_PATHS = "$(inherited) @executable_path/Frameworks";
				PRODUCT_BUNDLE_IDENTIFIER = "w.Examen-Ordinadiro-SSII-Parte2";
				PRODUCT_NAME = "$(TARGET_NAME)";
				SWIFT_VERSION = 4.0;
				TARGETED_DEVICE_FAMILY = "1,2";
			};
			name = Debug;
		};
		EF89436820D9034900E2CDE3 /* Release */ = {
			isa = XCBuildConfiguration;
			baseConfigurationReference = 0AF948FB3B3A6C562833316D /* Pods-Examen Ordinadiro SSII Parte2.release.xcconfig */;
			buildSettings = {
				ASSETCATALOG_COMPILER_APPICON_NAME = AppIcon;
				CODE_SIGN_STYLE = Automatic;
				INFOPLIST_FILE = "Examen Ordinadiro SSII Parte2/Info.plist";
				LD_RUNPATH_SEARCH_PATHS = "$(inherited) @executable_path/Frameworks";
				PRODUCT_BUNDLE_IDENTIFIER = "w.Examen-Ordinadiro-SSII-Parte2";
				PRODUCT_NAME = "$(TARGET_NAME)";
				SWIFT_VERSION = 4.0;
				TARGETED_DEVICE_FAMILY = "1,2";
			};
			name = Release;
		};
		EF89436A20D9034900E2CDE3 /* Debug */ = {
			isa = XCBuildConfiguration;
			baseConfigurationReference = C33CDDE4FC192B7DE7407D33 /* Pods-Examen Ordinadiro SSII Parte2Tests.debug.xcconfig */;
			buildSettings = {
				ALWAYS_EMBED_SWIFT_STANDARD_LIBRARIES = YES;
				BUNDLE_LOADER = "$(TEST_HOST)";
				CODE_SIGN_STYLE = Automatic;
				INFOPLIST_FILE = "Examen Ordinadiro SSII Parte2Tests/Info.plist";
				LD_RUNPATH_SEARCH_PATHS = "$(inherited) @executable_path/Frameworks @loader_path/Frameworks";
				PRODUCT_BUNDLE_IDENTIFIER = "w.Examen-Ordinadiro-SSII-Parte2Tests";
				PRODUCT_NAME = "$(TARGET_NAME)";
				SWIFT_VERSION = 4.0;
				TARGETED_DEVICE_FAMILY = "1,2";
				TEST_HOST = "$(BUILT_PRODUCTS_DIR)/Examen Ordinadiro SSII Parte2.app/Examen Ordinadiro SSII Parte2";
			};
			name = Debug;
		};
		EF89436B20D9034900E2CDE3 /* Release */ = {
			isa = XCBuildConfiguration;
			baseConfigurationReference = B6605246A6F0378093DA2E5B /* Pods-Examen Ordinadiro SSII Parte2Tests.release.xcconfig */;
			buildSettings = {
				ALWAYS_EMBED_SWIFT_STANDARD_LIBRARIES = YES;
				BUNDLE_LOADER = "$(TEST_HOST)";
				CODE_SIGN_STYLE = Automatic;
				INFOPLIST_FILE = "Examen Ordinadiro SSII Parte2Tests/Info.plist";
				LD_RUNPATH_SEARCH_PATHS = "$(inherited) @executable_path/Frameworks @loader_path/Frameworks";
				PRODUCT_BUNDLE_IDENTIFIER = "w.Examen-Ordinadiro-SSII-Parte2Tests";
				PRODUCT_NAME = "$(TARGET_NAME)";
				SWIFT_VERSION = 4.0;
				TARGETED_DEVICE_FAMILY = "1,2";
				TEST_HOST = "$(BUILT_PRODUCTS_DIR)/Examen Ordinadiro SSII Parte2.app/Examen Ordinadiro SSII Parte2";
			};
			name = Release;
		};
		EF89436D20D9034900E2CDE3 /* Debug */ = {
			isa = XCBuildConfiguration;
			baseConfigurationReference = D4A707C74C4FFA29A24504C4 /* Pods-Examen Ordinadiro SSII Parte2UITests.debug.xcconfig */;
			buildSettings = {
				ALWAYS_EMBED_SWIFT_STANDARD_LIBRARIES = YES;
				CODE_SIGN_STYLE = Automatic;
				INFOPLIST_FILE = "Examen Ordinadiro SSII Parte2UITests/Info.plist";
				LD_RUNPATH_SEARCH_PATHS = "$(inherited) @executable_path/Frameworks @loader_path/Frameworks";
				PRODUCT_BUNDLE_IDENTIFIER = "w.Examen-Ordinadiro-SSII-Parte2UITests";
				PRODUCT_NAME = "$(TARGET_NAME)";
				SWIFT_VERSION = 4.0;
				TARGETED_DEVICE_FAMILY = "1,2";
				TEST_TARGET_NAME = "Examen Ordinadiro SSII Parte2";
			};
			name = Debug;
		};
		EF89436E20D9034900E2CDE3 /* Release */ = {
			isa = XCBuildConfiguration;
			baseConfigurationReference = C030D4197CC96D3EFF9102EF /* Pods-Examen Ordinadiro SSII Parte2UITests.release.xcconfig */;
			buildSettings = {
				ALWAYS_EMBED_SWIFT_STANDARD_LIBRARIES = YES;
				CODE_SIGN_STYLE = Automatic;
				INFOPLIST_FILE = "Examen Ordinadiro SSII Parte2UITests/Info.plist";
				LD_RUNPATH_SEARCH_PATHS = "$(inherited) @executable_path/Frameworks @loader_path/Frameworks";
				PRODUCT_BUNDLE_IDENTIFIER = "w.Examen-Ordinadiro-SSII-Parte2UITests";
				PRODUCT_NAME = "$(TARGET_NAME)";
				SWIFT_VERSION = 4.0;
				TARGETED_DEVICE_FAMILY = "1,2";
				TEST_TARGET_NAME = "Examen Ordinadiro SSII Parte2";
			};
			name = Release;
		};
/* End XCBuildConfiguration section */

/* Begin XCConfigurationList section */
		EF89433920D9034600E2CDE3 /* Build configuration list for PBXProject "Examen Ordinadiro SSII Parte2" */ = {
			isa = XCConfigurationList;
			buildConfigurations = (
				EF89436420D9034900E2CDE3 /* Debug */,
				EF89436520D9034900E2CDE3 /* Release */,
			);
			defaultConfigurationIsVisible = 0;
			defaultConfigurationName = Release;
		};
		EF89436620D9034900E2CDE3 /* Build configuration list for PBXNativeTarget "Examen Ordinadiro SSII Parte2" */ = {
			isa = XCConfigurationList;
			buildConfigurations = (
				EF89436720D9034900E2CDE3 /* Debug */,
				EF89436820D9034900E2CDE3 /* Release */,
			);
			defaultConfigurationIsVisible = 0;
			defaultConfigurationName = Release;
		};
		EF89436920D9034900E2CDE3 /* Build configuration list for PBXNativeTarget "Examen Ordinadiro SSII Parte2Tests" */ = {
			isa = XCConfigurationList;
			buildConfigurations = (
				EF89436A20D9034900E2CDE3 /* Debug */,
				EF89436B20D9034900E2CDE3 /* Release */,
			);
			defaultConfigurationIsVisible = 0;
			defaultConfigurationName = Release;
		};
		EF89436C20D9034900E2CDE3 /* Build configuration list for PBXNativeTarget "Examen Ordinadiro SSII Parte2UITests" */ = {
			isa = XCConfigurationList;
			buildConfigurations = (
				EF89436D20D9034900E2CDE3 /* Debug */,
				EF89436E20D9034900E2CDE3 /* Release */,
			);
			defaultConfigurationIsVisible = 0;
			defaultConfigurationName = Release;
		};
/* End XCConfigurationList section */
	};
	rootObject = EF89433620D9034600E2CDE3 /* Project object */;
}
